
Microsoft Visual Studio Solution File, Format Version 12.00
Project("{FAE04EC0-301F-11D3-BF4B-00C04F79EFBC}") = "VulnDb.Net", "src\VulnDb.Net\VulnDb.Net.csproj", "{3CCC7024-C78B-46C8-A4C6-9A8D7A06C9FF}"
EndProject
Project("{FAE04EC0-301F-11D3-BF4B-00C04F79EFBC}") = "Tests", "tests\VulnDb.Net.Tests\Tests\Tests.csproj", "{5B1D8964-297C-4FB7-8B75-1E01F1DD3440}"
EndProject
Global
	GlobalSection(SolutionConfigurationPlatforms) = preSolution
		Debug|Any CPU = Debug|Any CPU
		Release|Any CPU = Release|Any CPU
	EndGlobalSection
	GlobalSection(ProjectConfigurationPlatforms) = postSolution
		{3CCC7024-C78B-46C8-A4C6-9A8D7A06C9FF}.Debug|Any CPU.ActiveCfg = Debug|Any CPU
		{3CCC7024-C78B-46C8-A4C6-9A8D7A06C9FF}.Debug|Any CPU.Build.0 = Debug|Any CPU
		{3CCC7024-C78B-46C8-A4C6-9A8D7A06C9FF}.Release|Any CPU.ActiveCfg = Release|Any CPU
		{3CCC7024-C78B-46C8-A4C6-9A8D7A06C9FF}.Release|Any CPU.Build.0 = Release|Any CPU
		{5B1D8964-297C-4FB7-8B75-1E01F1DD3440}.Debug|Any CPU.ActiveCfg = Debug|Any CPU
		{5B1D8964-297C-4FB7-8B75-1E01F1DD3440}.Debug|Any CPU.Build.0 = Debug|Any CPU
		{5B1D8964-297C-4FB7-8B75-1E01F1DD3440}.Release|Any CPU.ActiveCfg = Release|Any CPU
		{5B1D8964-297C-4FB7-8B75-1E01F1DD3440}.Release|Any CPU.Build.0 = Release|Any CPU
	EndGlobalSection
EndGlobal
